// !$*UTF8*$!
{
	archiveVersion = 1;
	classes = {
	};
	objectVersion = 50;
	objects = {

/* Begin PBXBuildFile section */
		01FAEB5C237BFCA10015D5C2 /* AppDelegate.swift in Sources */ = {isa = PBXBuildFile; fileRef = 01FAEB5B237BFCA10015D5C2 /* AppDelegate.swift */; };
		01FAEB5E237BFCA10015D5C2 /* SceneDelegate.swift in Sources */ = {isa = PBXBuildFile; fileRef = 01FAEB5D237BFCA10015D5C2 /* SceneDelegate.swift */; };
		01FAEB60237BFCA10015D5C2 /* ViewController.swift in Sources */ = {isa = PBXBuildFile; fileRef = 01FAEB5F237BFCA10015D5C2 /* ViewController.swift */; };
		01FAEB63237BFCA10015D5C2 /* Main.storyboard in Resources */ = {isa = PBXBuildFile; fileRef = 01FAEB61237BFCA10015D5C2 /* Main.storyboard */; };
		01FAEB65237BFCA20015D5C2 /* Assets.xcassets in Resources */ = {isa = PBXBuildFile; fileRef = 01FAEB64237BFCA20015D5C2 /* Assets.xcassets */; };
		01FAEB68237BFCA20015D5C2 /* LaunchScreen.storyboard in Resources */ = {isa = PBXBuildFile; fileRef = 01FAEB66237BFCA20015D5C2 /* LaunchScreen.storyboard */; };
/* End PBXBuildFile section */

/* Begin PBXFileReference section */
		01FAEB58237BFCA10015D5C2 /* tringiOS.app */ = {isa = PBXFileReference; explicitFileType = wrapper.application; includeInIndex = 0; path = tringiOS.app; sourceTree = BUILT_PRODUCTS_DIR; };
		01FAEB5B237BFCA10015D5C2 /* AppDelegate.swift */ = {isa = PBXFileReference; lastKnownFileType = sourcecode.swift; path = AppDelegate.swift; sourceTree = "<group>"; };
		01FAEB5D237BFCA10015D5C2 /* SceneDelegate.swift */ = {isa = PBXFileReference; lastKnownFileType = sourcecode.swift; path = SceneDelegate.swift; sourceTree = "<group>"; };
		01FAEB5F237BFCA10015D5C2 /* ViewController.swift */ = {isa = PBXFileReference; lastKnownFileType = sourcecode.swift; path = ViewController.swift; sourceTree = "<group>"; };
		01FAEB62237BFCA10015D5C2 /* Base */ = {isa = PBXFileReference; lastKnownFileType = file.storyboard; name = Base; path = Base.lproj/Main.storyboard; sourceTree = "<group>"; };
		01FAEB64237BFCA20015D5C2 /* Assets.xcassets */ = {isa = PBXFileReference; lastKnownFileType = folder.assetcatalog; path = Assets.xcassets; sourceTree = "<group>"; };
		01FAEB67237BFCA20015D5C2 /* Base */ = {isa = PBXFileReference; lastKnownFileType = file.storyboard; name = Base; path = Base.lproj/LaunchScreen.storyboard; sourceTree = "<group>"; };
		01FAEB69237BFCA20015D5C2 /* Info.plist */ = {isa = PBXFileReference; lastKnownFileType = text.plist.xml; path = Info.plist; sourceTree = "<group>"; };
/* End PBXFileReference section */

/* Begin PBXFrameworksBuildPhase section */
		01FAEB55237BFCA10015D5C2 /* Frameworks */ = {
			isa = PBXFrameworksBuildPhase;
			buildActionMask = 2147483647;
			files = (
			);
			runOnlyForDeploymentPostprocessing = 0;
		};
/* End PBXFrameworksBuildPhase section */

/* Begin PBXGroup section */
		01FAEB4F237BFCA10015D5C2 = {
			isa = PBXGroup;
			children = (
				01FAEB5A237BFCA10015D5C2 /* tringiOS */,
				01FAEB59237BFCA10015D5C2 /* Products */,
			);
			sourceTree = "<group>";
		};
		01FAEB59237BFCA10015D5C2 /* Products */ = {
			isa = PBXGroup;
			children = (
				01FAEB58237BFCA10015D5C2 /* tringiOS.app */,
			);
			name = Products;
			sourceTree = "<group>";
		};
		01FAEB5A237BFCA10015D5C2 /* tringiOS */ = {
			isa = PBXGroup;
			children = (
				01FAEB5B237BFCA10015D5C2 /* AppDelegate.swift */,
				01FAEB5D237BFCA10015D5C2 /* SceneDelegate.swift */,
				01FAEB5F237BFCA10015D5C2 /* ViewController.swift */,
				01FAEB61237BFCA10015D5C2 /* Main.storyboard */,
				01FAEB64237BFCA20015D5C2 /* Assets.xcassets */,
				01FAEB66237BFCA20015D5C2 /* LaunchScreen.storyboard */,
				01FAEB69237BFCA20015D5C2 /* Info.plist */,
			);
			path = tringiOS;
			sourceTree = "<group>";
		};
/* End PBXGroup section */

/* Begin PBXNativeTarget section */
		01FAEB57237BFCA10015D5C2 /* tringiOS */ = {
			isa = PBXNativeTarget;
			buildConfigurationList = 01FAEB6C237BFCA20015D5C2 /* Build configuration list for PBXNativeTarget "tringiOS" */;
			buildPhases = (
				01FAEB54237BFCA10015D5C2 /* Sources */,
				01FAEB55237BFCA10015D5C2 /* Frameworks */,
				01FAEB56237BFCA10015D5C2 /* Resources */,
			);
			buildRules = (
			);
			dependencies = (
			);
			name = tringiOS;
			productName = tringiOS;
			productReference = 01FAEB58237BFCA10015D5C2 /* tringiOS.app */;
			productType = "com.apple.product-type.application";
		};
/* End PBXNativeTarget section */

/* Begin PBXProject section */
		01FAEB50237BFCA10015D5C2 /* Project object */ = {
			isa = PBXProject;
			attributes = {
				LastSwiftUpdateCheck = 1120;
				LastUpgradeCheck = 1120;
				ORGANIZATIONNAME = keshavkumar;
				TargetAttributes = {
					01FAEB57237BFCA10015D5C2 = {
						CreatedOnToolsVersion = 11.2.1;
					};
				};
			};
			buildConfigurationList = 01FAEB53237BFCA10015D5C2 /* Build configuration list for PBXProject "tringiOS" */;
			compatibilityVersion = "Xcode 9.3";
			developmentRegion = en;
			hasScannedForEncodings = 0;
			knownRegions = (
				en,
				Base,
			);
			mainGroup = 01FAEB4F237BFCA10015D5C2;
			productRefGroup = 01FAEB59237BFCA10015D5C2 /* Products */;
			projectDirPath = "";
			projectRoot = "";
			targets = (
				01FAEB57237BFCA10015D5C2 /* tringiOS */,
			);
		};
/* End PBXProject section */

/* Begin PBXResourcesBuildPhase section */
		01FAEB56237BFCA10015D5C2 /* Resources */ = {
			isa = PBXResourcesBuildPhase;
			buildActionMask = 2147483647;
			files = (
				01FAEB68237BFCA20015D5C2 /* LaunchScreen.storyboard in Resources */,
				01FAEB65237BFCA20015D5C2 /* Assets.xcassets in Resources */,
				01FAEB63237BFCA10015D5C2 /* Main.storyboard in Resources */,
			);
			runOnlyForDeploymentPostprocessing = 0;
		};
/* End PBXResourcesBuildPhase section */

/* Begin PBXSourcesBuildPhase section */
		01FAEB54237BFCA10015D5C2 /* Sources */ = {
			isa = PBXSourcesBuildPhase;
			buildActionMask = 2147483647;
			files = (
				01FAEB60237BFCA10015D5C2 /* ViewController.swift in Sources */,
				01FAEB5C237BFCA10015D5C2 /* AppDelegate.swift in Sources */,
				01FAEB5E237BFCA10015D5C2 /* SceneDelegate.swift in Sources */,
			);
			runOnlyForDeploymentPostprocessing = 0;
		};
/* End PBXSourcesBuildPhase section */

/* Begin PBXVariantGroup section */
		01FAEB61237BFCA10015D5C2 /* Main.storyboard */ = {
			isa = PBXVariantGroup;
			children = (
				01FAEB62237BFCA10015D5C2 /* Base */,
			);
			name = Main.storyboard;
			sourceTree = "<group>";
		};
		01FAEB66237BFCA20015D5C2 /* LaunchScreen.storyboard */ = {
			isa = PBXVariantGroup;
			children = (
				01FAEB67237BFCA20015D5C2 /* Base */,
			);
			name = LaunchScreen.storyboard;
			sourceTree = "<group>";
		};
/* End PBXVariantGroup section */

/* Begin XCBuildConfiguration section */
		01FAEB6A237BFCA20015D5C2 /* Debug */ = {
			isa = XCBuildConfiguration;
			buildSettings = {
				ALWAYS_SEARCH_USER_PATHS = NO;
				CLANG_ANALYZER_NONNULL = YES;
				CLANG_ANALYZER_NUMBER_OBJECT_CONVERSION = YES_AGGRESSIVE;
				CLANG_CXX_LANGUAGE_STANDARD = "gnu++14";
				CLANG_CXX_LIBRARY = "libc++";
				CLANG_ENABLE_MODULES = YES;
				CLANG_ENABLE_OBJC_ARC = YES;
				CLANG_ENABLE_OBJC_WEAK = YES;
				CLANG_WARN_BLOCK_CAPTURE_AUTORELEASING = YES;
				CLANG_WARN_BOOL_CONVERSION = YES;
				CLANG_WARN_COMMA = YES;
				CLANG_WARN_CONSTANT_CONVERSION = YES;
				CLANG_WARN_DEPRECATED_OBJC_IMPLEMENTATIONS = YES;
				CLANG_WARN_DIRECT_OBJC_ISA_USAGE = YES_ERROR;
				CLANG_WARN_DOCUMENTATION_COMMENTS = YES;
				CLANG_WARN_EMPTY_BODY = YES;
				CLANG_WARN_ENUM_CONVERSION = YES;
				CLANG_WARN_INFINITE_RECURSION = YES;
				CLANG_WARN_INT_CONVERSION = YES;
				CLANG_WARN_NON_LITERAL_NULL_CONVERSION = YES;
				CLANG_WARN_OBJC_IMPLICIT_RETAIN_SELF = YES;
				CLANG_WARN_OBJC_LITERAL_CONVERSION = YES;
				CLANG_WARN_OBJC_ROOT_CLASS = YES_ERROR;
				CLANG_WARN_RANGE_LOOP_ANALYSIS = YES;
				CLANG_WARN_STRICT_PROTOTYPES = YES;
				CLANG_WARN_SUSPICIOUS_MOVE = YES;
				CLANG_WARN_UNGUARDED_AVAILABILITY = YES_AGGRESSIVE;
				CLANG_WARN_UNREACHABLE_CODE = YES;
				CLANG_WARN__DUPLICATE_METHOD_MATCH = YES;
				COPY_PHASE_STRIP = NO;
				DEBUG_INFORMATION_FORMAT = dwarf;
				ENABLE_STRICT_OBJC_MSGSEND = YES;
				ENABLE_TESTABILITY = YES;
				GCC_C_LANGUAGE_STANDARD = gnu11;
				GCC_DYNAMIC_NO_PIC = NO;
				GCC_NO_COMMON_BLOCKS = YES;
				GCC_OPTIMIZATION_LEVEL = 0;
				GCC_PREPROCESSOR_DEFINITIONS = (
					"DEBUG=1",
					"$(inherited)",
				);
				GCC_WARN_64_TO_32_BIT_CONVERSION = YES;
				GCC_WARN_ABOUT_RETURN_TYPE = YES_ERROR;
				GCC_WARN_UNDECLARED_SELECTOR = YES;
				GCC_WARN_UNINITIALIZED_AUTOS = YES_AGGRESSIVE;
				GCC_WARN_UNUSED_FUNCTION = YES;
				GCC_WARN_UNUSED_VARIABLE = YES;
				IPHONEOS_DEPLOYMENT_TARGET = 10.0;
				MTL_ENABLE_DEBUG_INFO = INCLUDE_SOURCE;
				MTL_FAST_MATH = YES;
				ONLY_ACTIVE_ARCH = YES;
				SDKROOT = iphoneos;
				SWIFT_ACTIVE_COMPILATION_CONDITIONS = DEBUG;
				SWIFT_OPTIMIZATION_LEVEL = "-Onone";
			};
			name = Debug;
		};
		01FAEB6B237BFCA20015D5C2 /* Release */ = {
			isa = XCBuildConfiguration;
			buildSettings = {
				ALWAYS_SEARCH_USER_PATHS = NO;
				CLANG_ANALYZER_NONNULL = YES;
				CLANG_ANALYZER_NUMBER_OBJECT_CONVERSION = YES_AGGRESSIVE;
				CLANG_CXX_LANGUAGE_STANDARD = "gnu++14";
				CLANG_CXX_LIBRARY = "libc++";
				CLANG_ENABLE_MODULES = YES;
				CLANG_ENABLE_OBJC_ARC = YES;
				CLANG_ENABLE_OBJC_WEAK = YES;
				CLANG_WARN_BLOCK_CAPTURE_AUTORELEASING = YES;
				CLANG_WARN_BOOL_CONVERSION = YES;
				CLANG_WARN_COMMA = YES;
				CLANG_WARN_CONSTANT_CONVERSION = YES;
				CLANG_WARN_DEPRECATED_OBJC_IMPLEMENTATIONS = YES;
				CLANG_WARN_DIRECT_OBJC_ISA_USAGE = YES_ERROR;
				CLANG_WARN_DOCUMENTATION_COMMENTS = YES;
				CLANG_WARN_EMPTY_BODY = YES;
				CLANG_WARN_ENUM_CONVERSION = YES;
				CLANG_WARN_INFINITE_RECURSION = YES;
				CLANG_WARN_INT_CONVERSION = YES;
				CLANG_WARN_NON_LITERAL_NULL_CONVERSION = YES;
				CLANG_WARN_OBJC_IMPLICIT_RETAIN_SELF = YES;
				CLANG_WARN_OBJC_LITERAL_CONVERSION = YES;
				CLANG_WARN_OBJC_ROOT_CLASS = YES_ERROR;
				CLANG_WARN_RANGE_LOOP_ANALYSIS = YES;
				CLANG_WARN_STRICT_PROTOTYPES = YES;
				CLANG_WARN_SUSPICIOUS_MOVE = YES;
				CLANG_WARN_UNGUARDED_AVAILABILITY = YES_AGGRESSIVE;
				CLANG_WARN_UNREACHABLE_CODE = YES;
				CLANG_WARN__DUPLICATE_METHOD_MATCH = YES;
				COPY_PHASE_STRIP = NO;
				DEBUG_INFORMATION_FORMAT = "dwarf-with-dsym";
				ENABLE_NS_ASSERTIONS = NO;
				ENABLE_STRICT_OBJC_MSGSEND = YES;
				GCC_C_LANGUAGE_STANDARD = gnu11;
				GCC_NO_COMMON_BLOCKS = YES;
				GCC_WARN_64_TO_32_BIT_CONVERSION = YES;
				GCC_WARN_ABOUT_RETURN_TYPE = YES_ERROR;
				GCC_WARN_UNDECLARED_SELECTOR = YES;
				GCC_WARN_UNINITIALIZED_AUTOS = YES_AGGRESSIVE;
				GCC_WARN_UNUSED_FUNCTION = YES;
				GCC_WARN_UNUSED_VARIABLE = YES;
				IPHONEOS_DEPLOYMENT_TARGET = 10.0;
				MTL_ENABLE_DEBUG_INFO = NO;
				MTL_FAST_MATH = YES;
				SDKROOT = iphoneos;
				SWIFT_COMPILATION_MODE = wholemodule;
				SWIFT_OPTIMIZATION_LEVEL = "-O";
				VALIDATE_PRODUCT = YES;
			};
			name = Release;
		};
		01FAEB6D237BFCA20015D5C2 /* Debug */ = {
			isa = XCBuildConfiguration;
			buildSettings = {
				ASSETCATALOG_COMPILER_APPICON_NAME = AppIcon;
				CODE_SIGN_STYLE = Automatic;
				DEVELOPMENT_TEAM = UQP38H2BBB;
				INFOPLIST_FILE = tringiOS/Info.plist;
				LD_RUNPATH_SEARCH_PATHS = (
					"$(inherited)",
					"@executable_path/Frameworks",
				);
				PRODUCT_BUNDLE_IDENTIFIER = com.tringapps.keshav.tringiOS;
				PRODUCT_NAME = "$(TARGET_NAME)";
				SWIFT_VERSION = 5.0;
				TARGETED_DEVICE_FAMILY = "1,2";
			};
			name = Debug;
		};
		01FAEB6E237BFCA20015D5C2 /* Release */ = {
			isa = XCBuildConfiguration;
			buildSettings = {
				ASSETCATALOG_COMPILER_APPICON_NAME = AppIcon;
				CODE_SIGN_STYLE = Automatic;
				DEVELOPMENT_TEAM = UQP38H2BBB;
				INFOPLIST_FILE = tringiOS/Info.plist;
				LD_RUNPATH_SEARCH_PATHS = (
					"$(inherited)",
					"@executable_path/Frameworks",
				);
				PRODUCT_BUNDLE_IDENTIFIER = com.tringapps.keshav.tringiOS;
				PRODUCT_NAME = "$(TARGET_NAME)";
				SWIFT_VERSION = 5.0;
				TARGETED_DEVICE_FAMILY = "1,2";
			};
			name = Release;
		};
/* End XCBuildConfiguration section */

/* Begin XCConfigurationList section */
		01FAEB53237BFCA10015D5C2 /* Build configuration list for PBXProject "tringiOS" */ = {
			isa = XCConfigurationList;
			buildConfigurations = (
				01FAEB6A237BFCA20015D5C2 /* Debug */,
				01FAEB6B237BFCA20015D5C2 /* Release */,
			);
			defaultConfigurationIsVisible = 0;
			defaultConfigurationName = Release;
		};
		01FAEB6C237BFCA20015D5C2 /* Build configuration list for PBXNativeTarget "tringiOS" */ = {
			isa = XCConfigurationList;
			buildConfigurations = (
				01FAEB6D237BFCA20015D5C2 /* Debug */,
				01FAEB6E237BFCA20015D5C2 /* Release */,
			);
			defaultConfigurationIsVisible = 0;
			defaultConfigurationName = Release;
		};
/* End XCConfigurationList section */
	};
	rootObject = 01FAEB50237BFCA10015D5C2 /* Project object */;
}
